<?xml version="1.0" encoding="utf-8"?>
<Project ToolsVersion="4.0" xmlns="http://schemas.microsoft.com/developer/msbuild/2003">
  <ItemGroup>
    <Filter Include="Source Files">
      <UniqueIdentifier>{4FC737F1-C7A5-4376-A066-2A32D752A2FF}</UniqueIdentifier>
      <Extensions>cpp;c;cc;cxx;def;odl;idl;hpj;bat;asm;asmx</Extensions>
    </Filter>
    <Filter Include="Header Files">
      <UniqueIdentifier>{93995380-89BD-4b04-88EB-625FBE52EBFB}</UniqueIdentifier>
      <Extensions>h;hh;hpp;hxx;hm;inl;inc;xsd</Extensions>
    </Filter>
    <Filter Include="Resource Files">
      <UniqueIdentifier>{67DA6AB6-F800-4c08-8B7A-83BB121AAD01}</UniqueIdentifier>
      <Extensions>rc;ico;cur;bmp;dlg;rc2;rct;bin;rgs;gif;jpg;jpeg;jpe;resx;tiff;tif;png;wav;mfcribbon-ms</Extensions>
    </Filter>
  </ItemGroup>
  <ItemGroup>
    <ClInclude Include="..\fontconfig\fontconfig\fcfreetype.h">
      <Filter>Header Files</Filter>
    </ClInclude>
    <ClInclude Include="..\fontconfig\fontconfig\fcprivate.h">
      <Filter>Header Files</Filter>
    </ClInclude>
    <ClInclude Include="..\fontconfig\fontconfig\fontconfig.h">
      <Filter>Header Files</Filter>
    </ClInclude>
    <ClInclude Include="..\fontconfig\src\fcarch.h">
      <Filter>Header Files</Filter>
    </ClInclude>
    <ClInclude Include="..\fontconfig\src\fcatomic.h">
      <Filter>Header Files</Filter>
    </ClInclude>
    <ClInclude Include="..\fontconfig\src\fcdeprecate.h">
      <Filter>Header Files</Filter>
    </ClInclude>
    <ClInclude Include="..\fontconfig\src\fcftint.h">
      <Filter>Header Files</Filter>
    </ClInclude>
    <ClInclude Include="..\fontconfig\src\fcint.h">
      <Filter>Header Files</Filter>
    </ClInclude>
    <ClInclude Include="..\fontconfig\src\fcmutex.h">
      <Filter>Header Files</Filter>
    </ClInclude>
    <ClInclude Include="..\fontconfig\src\fcobjs.h">
      <Filter>Header Files</Filter>
    </ClInclude>
    <ClInclude Include="..\fontconfig\src\fcobjshash.gperf.h">
      <Filter>Header Files</Filter>
    </ClInclude>
    <ClInclude Include="..\fontconfig\src\fcobjshash.h">
      <Filter>Header Files</Filter>
    </ClInclude>
    <ClInclude Include="..\fontconfig\src\fcstdint.h">
      <Filter>Header Files</Filter>
    </ClInclude>
    <ClInclude Include="..\fontconfig\src\fcwindows.h">
      <Filter>Header Files</Filter>
    </ClInclude>
    <ClInclude Include="..\fontconfig\src\ftglue.h">
      <Filter>Header Files</Filter>
    </ClInclude>
    <ClInclude Include="..\fontconfig\config.h">
      <Filter>Header Files</Filter>
    </ClInclude>
  </ItemGroup>
  <ItemGroup>
    <ClCompile Include="..\fontconfig\src\fcarch.c">
      <Filter>Source Files</Filter>
    </ClCompile>
    <ClCompile Include="..\fontconfig\src\fcatomic.c">
      <Filter>Source Files</Filter>
    </ClCompile>
    <ClCompile Include="..\fontconfig\src\fcblanks.c">
      <Filter>Source Files</Filter>
    </ClCompile>
    <ClCompile Include="..\fontconfig\src\fccache.c">
      <Filter>Source Files</Filter>
    </ClCompile>
    <ClCompile Include="..\fontconfig\src\fccfg.c">
      <Filter>Source Files</Filter>
    </ClCompile>
    <ClCompile Include="..\fontconfig\src\fccharset.c">
      <Filter>Source Files</Filter>
    </ClCompile>
    <ClCompile Include="..\fontconfig\src\fccompat.c">
      <Filter>Source Files</Filter>
    </ClCompile>
    <ClCompile Include="..\fontconfig\src\fcdbg.c">
      <Filter>Source Files</Filter>
    </ClCompile>
    <ClCompile Include="..\fontconfig\src\fcdefault.c">
      <Filter>Source Files</Filter>
    </ClCompile>
    <ClCompile Include="..\fontconfig\src\fcdir.c">
      <Filter>Source Files</Filter>
    </ClCompile>
    <ClCompile Include="..\fontconfig\src\fcformat.c">
      <Filter>Source Files</Filter>
    </ClCompile>
    <ClCompile Include="..\fontconfig\src\fcfreetype.c">
      <Filter>Source Files</Filter>
    </ClCompile>
    <ClCompile Include="..\fontconfig\src\fcfs.c">
      <Filter>Source Files</Filter>
    </ClCompile>
    <ClCompile Include="..\fontconfig\src\fchash.c">
      <Filter>Source Files</Filter>
    </ClCompile>
    <ClCompile Include="..\fontconfig\src\fcinit.c">
      <Filter>Source Files</Filter>
    </ClCompile>
    <ClCompile Include="..\fontconfig\src\fclang.c">
      <Filter>Source Files</Filter>
    </ClCompile>
    <ClCompile Include="..\fontconfig\src\fclist.c">
      <Filter>Source Files</Filter>
    </ClCompile>
    <ClCompile Include="..\fontconfig\src\fcmatch.c">
      <Filter>Source Files</Filter>
    </ClCompile>
    <ClCompile Include="..\fontconfig\src\fcmatrix.c">
      <Filter>Source Files</Filter>
    </ClCompile>
    <ClCompile Include="..\fontconfig\src\fcname.c">
      <Filter>Source Files</Filter>
    </ClCompile>
    <ClCompile Include="..\fontconfig\src\fcobjs.c">
      <Filter>Source Files</Filter>
    </ClCompile>
    <ClCompile Include="..\fontconfig\src\fcpat.c">
      <Filter>Source Files</Filter>
    </ClCompile>
    <ClCompile Include="..\fontconfig\src\fcserialize.c">
      <Filter>Source Files</Filter>
    </ClCompile>
    <ClCompile Include="..\fontconfig\src\fcstat.c">
      <Filter>Source Files</Filter>
    </ClCompile>
    <ClCompile Include="..\fontconfig\src\fcstr.c">
      <Filter>Source Files</Filter>
    </ClCompile>
    <ClCompile Include="..\fontconfig\src\fcxml.c">
      <Filter>Source Files</Filter>
    </ClCompile>
    <ClCompile Include="..\fontconfig\src\ftglue.c">
      <Filter>Source Files</Filter>
    </ClCompile>
  </ItemGroup>
</Project>