<?xml version="1.0" encoding="utf-8"?>
<Project ToolsVersion="4.0" xmlns="http://schemas.microsoft.com/developer/msbuild/2003">
  <ItemGroup>
    <Filter Include="Source Files">
      <UniqueIdentifier>{4FC737F1-C7A5-4376-A066-2A32D752A2FF}</UniqueIdentifier>
      <Extensions>cpp;c;cc;cxx;def;odl;idl;hpj;bat;asm;asmx</Extensions>
    </Filter>
    <Filter Include="Header Files">
      <UniqueIdentifier>{93995380-89BD-4b04-88EB-625FBE52EBFB}</UniqueIdentifier>
      <Extensions>h;hh;hpp;hxx;hm;inl;inc;xsd</Extensions>
    </Filter>
    <Filter Include="Resource Files">
      <UniqueIdentifier>{67DA6AB6-F800-4c08-8B7A-83BB121AAD01}</UniqueIdentifier>
      <Extensions>rc;ico;cur;bmp;dlg;rc2;rct;bin;rgs;gif;jpg;jpeg;jpe;resx;tiff;tif;png;wav;mfcribbon-ms</Extensions>
    </Filter>
  </ItemGroup>
  <ItemGroup>
    <ClInclude Include="..\fribidi\lib\fribidi-types.h">
      <Filter>Header Files</Filter>
    </ClInclude>
    <ClInclude Include="..\fribidi\lib\fribidi-unicode.h">
      <Filter>Header Files</Filter>
    </ClInclude>
    <ClInclude Include="..\fribidi\lib\joining-types.h">
      <Filter>Header Files</Filter>
    </ClInclude>
    <ClInclude Include="..\fribidi\lib\mem.h">
      <Filter>Header Files</Filter>
    </ClInclude>
    <ClInclude Include="..\fribidi\lib\run.h">
      <Filter>Header Files</Filter>
    </ClInclude>
    <ClInclude Include="..\fribidi\lib\bidi-types.h">
      <Filter>Header Files</Filter>
    </ClInclude>
    <ClInclude Include="..\fribidi\lib\common.h">
      <Filter>Header Files</Filter>
    </ClInclude>
    <ClInclude Include="..\fribidi\lib\debug.h">
      <Filter>Header Files</Filter>
    </ClInclude>
    <ClInclude Include="..\fribidi\lib\fribidi.h">
      <Filter>Header Files</Filter>
    </ClInclude>
    <ClInclude Include="..\fribidi\lib\fribidi-arabic.h">
      <Filter>Header Files</Filter>
    </ClInclude>
    <ClInclude Include="..\fribidi\lib\fribidi-begindecls.h">
      <Filter>Header Files</Filter>
    </ClInclude>
    <ClInclude Include="..\fribidi\lib\fribidi-bidi.h">
      <Filter>Header Files</Filter>
    </ClInclude>
    <ClInclude Include="..\fribidi\lib\fribidi-bidi-types.h">
      <Filter>Header Files</Filter>
    </ClInclude>
    <ClInclude Include="..\fribidi\lib\fribidi-bidi-types-list.h">
      <Filter>Header Files</Filter>
    </ClInclude>
    <ClInclude Include="..\fribidi\lib\fribidi-common.h">
      <Filter>Header Files</Filter>
    </ClInclude>
    <ClInclude Include="..\fribidi\lib\fribidi-deprecated.h">
      <Filter>Header Files</Filter>
    </ClInclude>
    <ClInclude Include="..\fribidi\lib\fribidi-enddecls.h">
      <Filter>Header Files</Filter>
    </ClInclude>
    <ClInclude Include="..\fribidi\lib\fribidi-flags.h">
      <Filter>Header Files</Filter>
    </ClInclude>
    <ClInclude Include="..\fribidi\lib\fribidi-joining.h">
      <Filter>Header Files</Filter>
    </ClInclude>
    <ClInclude Include="..\fribidi\lib\fribidi-joining-types.h">
      <Filter>Header Files</Filter>
    </ClInclude>
    <ClInclude Include="..\fribidi\lib\fribidi-joining-types-list.h">
      <Filter>Header Files</Filter>
    </ClInclude>
    <ClInclude Include="..\fribidi\lib\fribidi-mirroring.h">
      <Filter>Header Files</Filter>
    </ClInclude>
    <ClInclude Include="..\fribidi\lib\fribidi-shape.h">
      <Filter>Header Files</Filter>
    </ClInclude>
    <ClInclude Include="..\fribidi\lib\fribidi-config.h">
      <Filter>Header Files</Filter>
    </ClInclude>
    <ClInclude Include="..\fribidi\lib\fribidi-unicode-version.h">
      <Filter>Header Files</Filter>
    </ClInclude>
    <ClInclude Include="..\fribidi\config.h">
      <Filter>Header Files</Filter>
    </ClInclude>
  </ItemGroup>
  <ItemGroup>
    <ClCompile Include="..\fribidi\lib\fribidi.c">
      <Filter>Source Files</Filter>
    </ClCompile>
    <ClCompile Include="..\fribidi\lib\fribidi-arabic.c">
      <Filter>Source Files</Filter>
    </ClCompile>
    <ClCompile Include="..\fribidi\lib\fribidi-bidi.c">
      <Filter>Source Files</Filter>
    </ClCompile>
    <ClCompile Include="..\fribidi\lib\fribidi-bidi-types.c">
      <Filter>Source Files</Filter>
    </ClCompile>
    <ClCompile Include="..\fribidi\lib\fribidi-deprecated.c">
      <Filter>Source Files</Filter>
    </ClCompile>
    <ClCompile Include="..\fribidi\lib\fribidi-joining.c">
      <Filter>Source Files</Filter>
    </ClCompile>
    <ClCompile Include="..\fribidi\lib\fribidi-joining-types.c">
      <Filter>Source Files</Filter>
    </ClCompile>
    <ClCompile Include="..\fribidi\lib\fribidi-mem.c">
      <Filter>Source Files</Filter>
    </ClCompile>
    <ClCompile Include="..\fribidi\lib\fribidi-mirroring.c">
      <Filter>Source Files</Filter>
    </ClCompile>
    <ClCompile Include="..\fribidi\lib\fribidi-run.c">
      <Filter>Source Files</Filter>
    </ClCompile>
    <ClCompile Include="..\fribidi\lib\fribidi-shape.c">
      <Filter>Source Files</Filter>
    </ClCompile>
  </ItemGroup>
</Project>