<?xml version="1.0" encoding="utf-8"?>
<Project ToolsVersion="4.0" xmlns="http://schemas.microsoft.com/developer/msbuild/2003">
  <ItemGroup>
    <Filter Include="Source Files">
      <UniqueIdentifier>{4FC737F1-C7A5-4376-A066-2A32D752A2FF}</UniqueIdentifier>
      <Extensions>cpp;c;cc;cxx;def;odl;idl;hpj;bat;asm;asmx</Extensions>
    </Filter>
    <Filter Include="Header Files">
      <UniqueIdentifier>{93995380-89BD-4b04-88EB-625FBE52EBFB}</UniqueIdentifier>
      <Extensions>h;hpp;hxx;hm;inl;inc;xsd</Extensions>
    </Filter>
    <Filter Include="Resource Files">
      <UniqueIdentifier>{67DA6AB6-F800-4c08-8B7A-83BB121AAD01}</UniqueIdentifier>
      <Extensions>rc;ico;cur;bmp;dlg;rc2;rct;bin;rgs;gif;jpg;jpeg;jpe;resx;tiff;tif;png;wav;mfcribbon-ms</Extensions>
    </Filter>
  </ItemGroup>
  <ItemGroup>
    <ClInclude Include="..\plibc\config.h">
      <Filter>Header Files</Filter>
    </ClInclude>
    <ClInclude Include="..\plibc\src\include\langinfo.h">
      <Filter>Header Files</Filter>
    </ClInclude>
    <ClInclude Include="..\plibc\src\include\plibc.h">
      <Filter>Header Files</Filter>
    </ClInclude>
    <ClInclude Include="..\plibc\src\include\plibc_private.h">
      <Filter>Header Files</Filter>
    </ClInclude>
    <ClInclude Include="..\plibc\src\str-two-way.h">
      <Filter>Header Files</Filter>
    </ClInclude>
  </ItemGroup>
  <ItemGroup>
    <ClCompile Include="..\plibc\src\write.c">
      <Filter>Source Files</Filter>
    </ClCompile>
    <ClCompile Include="..\plibc\src\access.c">
      <Filter>Source Files</Filter>
    </ClCompile>
    <ClCompile Include="..\plibc\src\atoll.c">
      <Filter>Source Files</Filter>
    </ClCompile>
    <ClCompile Include="..\plibc\src\chdir.c">
      <Filter>Source Files</Filter>
    </ClCompile>
    <ClCompile Include="..\plibc\src\chmod.c">
      <Filter>Source Files</Filter>
    </ClCompile>
    <ClCompile Include="..\plibc\src\close.c">
      <Filter>Source Files</Filter>
    </ClCompile>
    <ClCompile Include="..\plibc\src\creat.c">
      <Filter>Source Files</Filter>
    </ClCompile>
    <ClCompile Include="..\plibc\src\ctime.c">
      <Filter>Source Files</Filter>
    </ClCompile>
    <ClCompile Include="..\plibc\src\errno.c">
      <Filter>Source Files</Filter>
    </ClCompile>
    <ClCompile Include="..\plibc\src\flock.c">
      <Filter>Source Files</Filter>
    </ClCompile>
    <ClCompile Include="..\plibc\src\fopen.c">
      <Filter>Source Files</Filter>
    </ClCompile>
    <ClCompile Include="..\plibc\src\fstat.c">
      <Filter>Source Files</Filter>
    </ClCompile>
    <ClCompile Include="..\plibc\src\fsync.c">
      <Filter>Source Files</Filter>
    </ClCompile>
    <ClCompile Include="..\plibc\src\fwrite.c">
      <Filter>Source Files</Filter>
    </ClCompile>
    <ClCompile Include="..\plibc\src\gettimeofday.c">
      <Filter>Source Files</Filter>
    </ClCompile>
    <ClCompile Include="..\plibc\src\gmtime_r.c">
      <Filter>Source Files</Filter>
    </ClCompile>
    <ClCompile Include="..\plibc\src\hsearch.c">
      <Filter>Source Files</Filter>
    </ClCompile>
    <ClCompile Include="..\plibc\src\hsearch_r.c">
      <Filter>Source Files</Filter>
    </ClCompile>
    <ClCompile Include="..\plibc\src\intl.c">
      <Filter>Source Files</Filter>
    </ClCompile>
    <ClCompile Include="..\plibc\src\kill.c">
      <Filter>Source Files</Filter>
    </ClCompile>
    <ClCompile Include="..\plibc\src\langinfo.c">
      <Filter>Source Files</Filter>
    </ClCompile>
    <ClCompile Include="..\plibc\src\lsearch.c">
      <Filter>Source Files</Filter>
    </ClCompile>
    <ClCompile Include="..\plibc\src\mkstemp.c">
      <Filter>Source Files</Filter>
    </ClCompile>
    <ClCompile Include="..\plibc\src\mmap.c">
      <Filter>Source Files</Filter>
    </ClCompile>
    <ClCompile Include="..\plibc\src\open.c">
      <Filter>Source Files</Filter>
    </ClCompile>
    <ClCompile Include="..\plibc\src\path.c">
      <Filter>Source Files</Filter>
    </ClCompile>
    <ClCompile Include="..\plibc\src\pid.c">
      <Filter>Source Files</Filter>
    </ClCompile>
    <ClCompile Include="..\plibc\src\pipe.c">
      <Filter>Source Files</Filter>
    </ClCompile>
    <ClCompile Include="..\plibc\src\plibc.c">
      <Filter>Source Files</Filter>
    </ClCompile>
    <ClCompile Include="..\plibc\src\printf.c">
      <Filter>Source Files</Filter>
    </ClCompile>
    <ClCompile Include="..\plibc\src\random.c">
      <Filter>Source Files</Filter>
    </ClCompile>
    <ClCompile Include="..\plibc\src\read.c">
      <Filter>Source Files</Filter>
    </ClCompile>
    <ClCompile Include="..\plibc\src\readlink.c">
      <Filter>Source Files</Filter>
    </ClCompile>
    <ClCompile Include="..\plibc\src\realpath.c">
      <Filter>Source Files</Filter>
    </ClCompile>
    <ClCompile Include="..\plibc\src\registry.c">
      <Filter>Source Files</Filter>
    </ClCompile>
    <ClCompile Include="..\plibc\src\remove.c">
      <Filter>Source Files</Filter>
    </ClCompile>
    <ClCompile Include="..\plibc\src\rename.c">
      <Filter>Source Files</Filter>
    </ClCompile>
    <ClCompile Include="..\plibc\src\rmdir.c">
      <Filter>Source Files</Filter>
    </ClCompile>
    <ClCompile Include="..\plibc\src\select.c">
      <Filter>Source Files</Filter>
    </ClCompile>
    <ClCompile Include="..\plibc\src\shortcut.c">
      <Filter>Source Files</Filter>
    </ClCompile>
    <ClCompile Include="..\plibc\src\socket.c">
      <Filter>Source Files</Filter>
    </ClCompile>
    <ClCompile Include="..\plibc\src\stat.c">
      <Filter>Source Files</Filter>
    </ClCompile>
    <ClCompile Include="..\plibc\src\statfs.c">
      <Filter>Source Files</Filter>
    </ClCompile>
    <ClCompile Include="..\plibc\src\strcasestr.c">
      <Filter>Source Files</Filter>
    </ClCompile>
    <ClCompile Include="..\plibc\src\string.c">
      <Filter>Source Files</Filter>
    </ClCompile>
    <ClCompile Include="..\plibc\src\strptime.c">
      <Filter>Source Files</Filter>
    </ClCompile>
    <ClCompile Include="..\plibc\src\symlink.c">
      <Filter>Source Files</Filter>
    </ClCompile>
    <ClCompile Include="..\plibc\src\sysconf.c">
      <Filter>Source Files</Filter>
    </ClCompile>
    <ClCompile Include="..\plibc\src\truncate.c">
      <Filter>Source Files</Filter>
    </ClCompile>
    <ClCompile Include="..\plibc\src\tsearch.c">
      <Filter>Source Files</Filter>
    </ClCompile>
    <ClCompile Include="..\plibc\src\unlink.c">
      <Filter>Source Files</Filter>
    </ClCompile>
  </ItemGroup>
</Project>