
Microsoft Visual Studio Solution File, Format Version 12.00
# Visual Studio 2013
VisualStudioVersion = 12.0.21005.1
MinimumVisualStudioVersion = 10.0.40219.1
Project("{8BC9CEB8-8B4A-11D0-8D11-00A0C91BC942}") = "taglib", "taglib.vcxproj", "{DAE7A9E7-8AB2-4A57-AFA0-115652863933}"
EndProject
Project("{8BC9CEB8-8B4A-11D0-8D11-00A0C91BC942}") = "zlib", "zlib.vcxproj", "{7241A9C8-BD34-4103-8D51-A2EA194503C6}"
EndProject
Project("{8BC9CEB8-8B4A-11D0-8D11-00A0C91BC942}") = "tinyxml", "tinyxml.vcxproj", "{C99BA751-928B-4DE7-8630-DFF81EED5CF2}"
EndProject
Project("{8BC9CEB8-8B4A-11D0-8D11-00A0C91BC942}") = "libiconv", "libiconv.vcxproj", "{B9A0906A-CB23-4DFD-9B53-60CCDFF5D453}"
EndProject
Project("{8BC9CEB8-8B4A-11D0-8D11-00A0C91BC942}") = "harfbuzz", "harfbuzz.vcxproj", "{FC5CDFBE-6AB8-49F6-B0F0-188741F5EBF2}"
	ProjectSection(ProjectDependencies) = postProject
		{6CE2A082-6049-4789-BD94-8A03E7ACD8A5} = {6CE2A082-6049-4789-BD94-8A03E7ACD8A5}
	EndProjectSection
EndProject
Project("{8BC9CEB8-8B4A-11D0-8D11-00A0C91BC942}") = "freetype", "freetype.vcxproj", "{6CE2A082-6049-4789-BD94-8A03E7ACD8A5}"
	ProjectSection(ProjectDependencies) = postProject
		{7241A9C8-BD34-4103-8D51-A2EA194503C6} = {7241A9C8-BD34-4103-8D51-A2EA194503C6}
	EndProjectSection
EndProject
Project("{8BC9CEB8-8B4A-11D0-8D11-00A0C91BC942}") = "bzip2", "bzip2.vcxproj", "{1A9C1915-EEAE-40C7-902C-49CB3526F0BE}"
EndProject
Project("{8BC9CEB8-8B4A-11D0-8D11-00A0C91BC942}") = "libmicrohttpd", "libmicrohttpd.vcxproj", "{D9B23C24-1AFF-403F-ADD9-F084EE9044E3}"
	ProjectSection(ProjectDependencies) = postProject
		{469AD077-06F4-4B32-9D9C-402ACAD14C67} = {469AD077-06F4-4B32-9D9C-402ACAD14C67}
	EndProjectSection
EndProject
Project("{8BC9CEB8-8B4A-11D0-8D11-00A0C91BC942}") = "plibc", "plibc.vcxproj", "{469AD077-06F4-4B32-9D9C-402ACAD14C67}"
EndProject
Project("{8BC9CEB8-8B4A-11D0-8D11-00A0C91BC942}") = "fontconfig", "fontconfig.vcxproj", "{EF852CD4-5D49-4ADA-B3E7-3B87DA7A1E71}"
	ProjectSection(ProjectDependencies) = postProject
		{6CE2A082-6049-4789-BD94-8A03E7ACD8A5} = {6CE2A082-6049-4789-BD94-8A03E7ACD8A5}
		{24D9A8EF-CB41-4139-B231-26EB7D2529E4} = {24D9A8EF-CB41-4139-B231-26EB7D2529E4}
	EndProjectSection
EndProject
Project("{8BC9CEB8-8B4A-11D0-8D11-00A0C91BC942}") = "expat", "expat.vcxproj", "{24D9A8EF-CB41-4139-B231-26EB7D2529E4}"
EndProject
Global
	GlobalSection(SolutionConfigurationPlatforms) = preSolution
		Debug|Win32 = Debug|Win32
		Release|Win32 = Release|Win32
	EndGlobalSection
	GlobalSection(ProjectConfigurationPlatforms) = postSolution
		{DAE7A9E7-8AB2-4A57-AFA0-115652863933}.Debug|Win32.ActiveCfg = Debug|Win32
		{DAE7A9E7-8AB2-4A57-AFA0-115652863933}.Debug|Win32.Build.0 = Debug|Win32
		{DAE7A9E7-8AB2-4A57-AFA0-115652863933}.Release|Win32.ActiveCfg = Release|Win32
		{DAE7A9E7-8AB2-4A57-AFA0-115652863933}.Release|Win32.Build.0 = Release|Win32
		{7241A9C8-BD34-4103-8D51-A2EA194503C6}.Debug|Win32.ActiveCfg = Debug|Win32
		{7241A9C8-BD34-4103-8D51-A2EA194503C6}.Debug|Win32.Build.0 = Debug|Win32
		{7241A9C8-BD34-4103-8D51-A2EA194503C6}.Release|Win32.ActiveCfg = Release|Win32
		{7241A9C8-BD34-4103-8D51-A2EA194503C6}.Release|Win32.Build.0 = Release|Win32
		{C99BA751-928B-4DE7-8630-DFF81EED5CF2}.Debug|Win32.ActiveCfg = Debug|Win32
		{C99BA751-928B-4DE7-8630-DFF81EED5CF2}.Debug|Win32.Build.0 = Debug|Win32
		{C99BA751-928B-4DE7-8630-DFF81EED5CF2}.Release|Win32.ActiveCfg = Release|Win32
		{C99BA751-928B-4DE7-8630-DFF81EED5CF2}.Release|Win32.Build.0 = Release|Win32
		{B9A0906A-CB23-4DFD-9B53-60CCDFF5D453}.Debug|Win32.ActiveCfg = Debug|Win32
		{B9A0906A-CB23-4DFD-9B53-60CCDFF5D453}.Debug|Win32.Build.0 = Debug|Win32
		{B9A0906A-CB23-4DFD-9B53-60CCDFF5D453}.Release|Win32.ActiveCfg = Release|Win32
		{B9A0906A-CB23-4DFD-9B53-60CCDFF5D453}.Release|Win32.Build.0 = Release|Win32
		{FC5CDFBE-6AB8-49F6-B0F0-188741F5EBF2}.Debug|Win32.ActiveCfg = Debug|Win32
		{FC5CDFBE-6AB8-49F6-B0F0-188741F5EBF2}.Debug|Win32.Build.0 = Debug|Win32
		{FC5CDFBE-6AB8-49F6-B0F0-188741F5EBF2}.Release|Win32.ActiveCfg = Release|Win32
		{FC5CDFBE-6AB8-49F6-B0F0-188741F5EBF2}.Release|Win32.Build.0 = Release|Win32
		{6CE2A082-6049-4789-BD94-8A03E7ACD8A5}.Debug|Win32.ActiveCfg = Debug|Win32
		{6CE2A082-6049-4789-BD94-8A03E7ACD8A5}.Debug|Win32.Build.0 = Debug|Win32
		{6CE2A082-6049-4789-BD94-8A03E7ACD8A5}.Release|Win32.ActiveCfg = Release|Win32
		{6CE2A082-6049-4789-BD94-8A03E7ACD8A5}.Release|Win32.Build.0 = Release|Win32
		{1A9C1915-EEAE-40C7-902C-49CB3526F0BE}.Debug|Win32.ActiveCfg = Debug|Win32
		{1A9C1915-EEAE-40C7-902C-49CB3526F0BE}.Debug|Win32.Build.0 = Debug|Win32
		{1A9C1915-EEAE-40C7-902C-49CB3526F0BE}.Release|Win32.ActiveCfg = Release|Win32
		{1A9C1915-EEAE-40C7-902C-49CB3526F0BE}.Release|Win32.Build.0 = Release|Win32
		{D9B23C24-1AFF-403F-ADD9-F084EE9044E3}.Debug|Win32.ActiveCfg = Debug|Win32
		{D9B23C24-1AFF-403F-ADD9-F084EE9044E3}.Release|Win32.ActiveCfg = Release|Win32
		{469AD077-06F4-4B32-9D9C-402ACAD14C67}.Debug|Win32.ActiveCfg = Debug|Win32
		{469AD077-06F4-4B32-9D9C-402ACAD14C67}.Release|Win32.ActiveCfg = Release|Win32
		{EF852CD4-5D49-4ADA-B3E7-3B87DA7A1E71}.Debug|Win32.ActiveCfg = Debug|Win32
		{EF852CD4-5D49-4ADA-B3E7-3B87DA7A1E71}.Debug|Win32.Build.0 = Debug|Win32
		{EF852CD4-5D49-4ADA-B3E7-3B87DA7A1E71}.Release|Win32.ActiveCfg = Release|Win32
		{EF852CD4-5D49-4ADA-B3E7-3B87DA7A1E71}.Release|Win32.Build.0 = Release|Win32
		{24D9A8EF-CB41-4139-B231-26EB7D2529E4}.Debug|Win32.ActiveCfg = Debug|Win32
		{24D9A8EF-CB41-4139-B231-26EB7D2529E4}.Debug|Win32.Build.0 = Debug|Win32
		{24D9A8EF-CB41-4139-B231-26EB7D2529E4}.Release|Win32.ActiveCfg = Release|Win32
		{24D9A8EF-CB41-4139-B231-26EB7D2529E4}.Release|Win32.Build.0 = Release|Win32
	EndGlobalSection
	GlobalSection(SolutionProperties) = preSolution
		HideSolutionNode = FALSE
	EndGlobalSection
EndGlobal
